
Microsoft Visual Studio Solution File, Format Version 12.00
# Visual Studio Version 17
VisualStudioVersion = 17.9.34728.123
MinimumVisualStudioVersion = 10.0.40219.1
Project("{FAE04EC0-301F-11D3-BF4B-00C04F79EFBC}") = "4_lab_NMO", "4_lab_NMO\4_lab_NMO.csproj", "{FF5C4465-3E43-44F4-9A94-862FEA1691CC}"
EndProject
Global
	GlobalSection(SolutionConfigurationPlatforms) = preSolution
		Debug|Any CPU = Debug|Any CPU
		Release|Any CPU = Release|Any CPU
	EndGlobalSection
	GlobalSection(ProjectConfigurationPlatforms) = postSolution
		{FF5C4465-3E43-44F4-9A94-862FEA1691CC}.Debug|Any CPU.ActiveCfg = Debug|Any CPU
		{FF5C4465-3E43-44F4-9A94-862FEA1691CC}.Debug|Any CPU.Build.0 = Debug|Any CPU
		{FF5C4465-3E43-44F4-9A94-862FEA1691CC}.Release|Any CPU.ActiveCfg = Release|Any CPU
		{FF5C4465-3E43-44F4-9A94-862FEA1691CC}.Release|Any CPU.Build.0 = Release|Any CPU
	EndGlobalSection
	GlobalSection(SolutionProperties) = preSolution
		HideSolutionNode = FALSE
	EndGlobalSection
	GlobalSection(ExtensibilityGlobals) = postSolution
		SolutionGuid = {554EF2FB-AC44-4A94-B9E3-A0182279B93A}
	EndGlobalSection
EndGlobal
